
Microsoft Visual Studio Solution File, Format Version 12.00
# Visual Studio Version 16
VisualStudioVersion = 16.0.34114.132
MinimumVisualStudioVersion = 10.0.40219.1
Project("{FAE04EC0-301F-11D3-BF4B-00C04F79EFBC}") = "Week4Task1", "Week4Task1\Week4Task1.csproj", "{80693ED2-42D2-4EFE-BC97-F476256D752C}"
EndProject
Global
	GlobalSection(SolutionConfigurationPlatforms) = preSolution
		Debug|Any CPU = Debug|Any CPU
		Release|Any CPU = Release|Any CPU
	EndGlobalSection
	GlobalSection(ProjectConfigurationPlatforms) = postSolution
		{80693ED2-42D2-4EFE-BC97-F476256D752C}.Debug|Any CPU.ActiveCfg = Debug|Any CPU
		{80693ED2-42D2-4EFE-BC97-F476256D752C}.Debug|Any CPU.Build.0 = Debug|Any CPU
		{80693ED2-42D2-4EFE-BC97-F476256D752C}.Release|Any CPU.ActiveCfg = Release|Any CPU
		{80693ED2-42D2-4EFE-BC97-F476256D752C}.Release|Any CPU.Build.0 = Release|Any CPU
	EndGlobalSection
	GlobalSection(SolutionProperties) = preSolution
		HideSolutionNode = FALSE
	EndGlobalSection
	GlobalSection(ExtensibilityGlobals) = postSolution
		SolutionGuid = {8359A358-82E1-4A38-8416-3ED2C19E3A20}
	EndGlobalSection
EndGlobal
